{
  "name": "path-rewrite",
  "version": "1.0.0",
  "lockfileVersion": 1,
  "dependencies": {
    "check-more-types": {
      "version": "2.24.0",
      "resolved": "https://registry.npmjs.org/check-more-types/-/check-more-types-2.24.0.tgz",
      "integrity": "sha1-FCD/sQ/URNz8ebQ4kbv//TKoRgA=",
      "dev": true
    },
    "filename-regex": {
      "version": "2.0.1",
      "resolved": "https://registry.npmjs.org/filename-regex/-/filename-regex-2.0.1.tgz",
      "integrity": "sha1-wcS5vuPglyXdsQa3XB4wH+LxiyY="
    },
    "lazy-ass": {
      "version": "1.6.0",
      "resolved": "https://registry.npmjs.org/lazy-ass/-/lazy-ass-1.6.0.tgz",
      "integrity": "sha1-eZllXoZGwX8In90YfRUNMyTVRRM=",
      "dev": true
    }
  }
}
